
Microsoft Visual Studio Solution File, Format Version 12.00
# Visual Studio Version 17
VisualStudioVersion = 17.5.33516.290
MinimumVisualStudioVersion = 10.0.40219.1
Project("{FAE04EC0-301F-11D3-BF4B-00C04F79EFBC}") = "ProjectInformationAPI", "ProjectInformationAPI\ProjectInformationAPI.csproj", "{24553482-A449-4998-A411-5504D1F960F9}"
EndProject
Global
	GlobalSection(SolutionConfigurationPlatforms) = preSolution
		Debug|Any CPU = Debug|Any CPU
		Release|Any CPU = Release|Any CPU
	EndGlobalSection
	GlobalSection(ProjectConfigurationPlatforms) = postSolution
		{24553482-A449-4998-A411-5504D1F960F9}.Debug|Any CPU.ActiveCfg = Debug|Any CPU
		{24553482-A449-4998-A411-5504D1F960F9}.Debug|Any CPU.Build.0 = Debug|Any CPU
		{24553482-A449-4998-A411-5504D1F960F9}.Release|Any CPU.ActiveCfg = Release|Any CPU
		{24553482-A449-4998-A411-5504D1F960F9}.Release|Any CPU.Build.0 = Release|Any CPU
	EndGlobalSection
	GlobalSection(SolutionProperties) = preSolution
		HideSolutionNode = FALSE
	EndGlobalSection
	GlobalSection(ExtensibilityGlobals) = postSolution
		SolutionGuid = {FE644134-1E4A-4E19-8677-1344BCA2B0F6}
	EndGlobalSection
EndGlobal
